
Microsoft Visual Studio Solution File, Format Version 12.00
# Visual Studio Version 17
VisualStudioVersion = 17.6.33829.357
MinimumVisualStudioVersion = 10.0.40219.1
Project("{FAE04EC0-301F-11D3-BF4B-00C04F79EFBC}") = "NREIG.ContractMove", "NREIG.ContractMove\NREIG.ContractMove.csproj", "{7BBEBD16-9AD2-4A11-8D0D-792B75942584}"
EndProject
Global
	GlobalSection(SolutionConfigurationPlatforms) = preSolution
		Debug|Any CPU = Debug|Any CPU
		Release|Any CPU = Release|Any CPU
	EndGlobalSection
	GlobalSection(ProjectConfigurationPlatforms) = postSolution
		{7BBEBD16-9AD2-4A11-8D0D-792B75942584}.Debug|Any CPU.ActiveCfg = Debug|Any CPU
		{7BBEBD16-9AD2-4A11-8D0D-792B75942584}.Debug|Any CPU.Build.0 = Debug|Any CPU
		{7BBEBD16-9AD2-4A11-8D0D-792B75942584}.Release|Any CPU.ActiveCfg = Release|Any CPU
		{7BBEBD16-9AD2-4A11-8D0D-792B75942584}.Release|Any CPU.Build.0 = Release|Any CPU
	EndGlobalSection
	GlobalSection(SolutionProperties) = preSolution
		HideSolutionNode = FALSE
	EndGlobalSection
	GlobalSection(ExtensibilityGlobals) = postSolution
		SolutionGuid = {F16715F0-9004-4648-A443-9A5CB5F9D8F4}
	EndGlobalSection
EndGlobal
